
Microsoft Visual Studio Solution File, Format Version 12.00
# Visual Studio 2013
VisualStudioVersion = 12.0.40629.0
MinimumVisualStudioVersion = 10.0.40219.1
Project("{2150E333-8FDC-42A3-9474-1A3956D46DE8}") = "Start", "Start", "{CB4CEE59-BAF9-44F2-B28D-ADA3A96ED1BC}"
	ProjectSection(SolutionItems) = preProject
		ReadMe.txt = ReadMe.txt
	EndProjectSection
EndProject
Project("{FAE04EC0-301F-11D3-BF4B-00C04F79EFBC}") = "SOLID", "Solid\SOLID.csproj", "{32C70FDC-1669-4592-9DCB-F9DB79457FB1}"
EndProject
Global
	GlobalSection(SolutionConfigurationPlatforms) = preSolution
		Debug|Any CPU = Debug|Any CPU
		Release|Any CPU = Release|Any CPU
	EndGlobalSection
	GlobalSection(ProjectConfigurationPlatforms) = postSolution
		{32C70FDC-1669-4592-9DCB-F9DB79457FB1}.Debug|Any CPU.ActiveCfg = Debug|Any CPU
		{32C70FDC-1669-4592-9DCB-F9DB79457FB1}.Debug|Any CPU.Build.0 = Debug|Any CPU
		{32C70FDC-1669-4592-9DCB-F9DB79457FB1}.Release|Any CPU.ActiveCfg = Release|Any CPU
		{32C70FDC-1669-4592-9DCB-F9DB79457FB1}.Release|Any CPU.Build.0 = Release|Any CPU
	EndGlobalSection
	GlobalSection(SolutionProperties) = preSolution
		HideSolutionNode = FALSE
	EndGlobalSection
EndGlobal
