
Microsoft Visual Studio Solution File, Format Version 12.00
# Visual Studio 2013
VisualStudioVersion = 12.0.40629.0
MinimumVisualStudioVersion = 10.0.40219.1
Project("{2150E333-8FDC-42A3-9474-1A3956D46DE8}") = "Start", "Start", "{CB4CEE59-BAF9-44F2-B28D-ADA3A96ED1BC}"
	ProjectSection(SolutionItems) = preProject
		ReadMe.txt = ReadMe.txt
	EndProjectSection
EndProject
Project("{FAE04EC0-301F-11D3-BF4B-00C04F79EFBC}") = "SOLID", "Solid\SOLID.csproj", "{32C70FDC-1669-4592-9DCB-F9DB79457FB1}"
EndProject
Project("{2150E333-8FDC-42A3-9474-1A3956D46DE8}") = "Database", "Database", "{9C4AB0C7-6FE1-4D2E-BA42-DC0805C6869D}"
EndProject
Project("{2150E333-8FDC-42A3-9474-1A3956D46DE8}") = "UI", "UI", "{645DEAB2-27A2-4EAB-9D87-4BB37CAD1E3C}"
EndProject
Project("{2150E333-8FDC-42A3-9474-1A3956D46DE8}") = "Tests", "Tests", "{D6543A65-437F-4691-B41F-6ECBB6E5AEEB}"
EndProject
Project("{FAE04EC0-301F-11D3-BF4B-00C04F79EFBC}") = "Sermo.Data.AdoNet", "Sermo.Data.AdoNet\Sermo.Data.AdoNet.csproj", "{A63A52D4-C913-49E9-969B-D1C9CA6F0755}"
EndProject
Project("{FAE04EC0-301F-11D3-BF4B-00C04F79EFBC}") = "Sermo.Data.Contracts", "Sermo.Data.Contracts\Sermo.Data.Contracts.csproj", "{EAEEFD51-137E-4955-989E-0DA63BFB3A3D}"
EndProject
Project("{2150E333-8FDC-42A3-9474-1A3956D46DE8}") = "Infrastructure", "Infrastructure", "{B756390C-5DA6-413A-B806-34C35845A3E1}"
EndProject
Project("{FAE04EC0-301F-11D3-BF4B-00C04F79EFBC}") = "Sermo.Infrastructure.Contracts", "Sermo.Infrastructure.Contracts\Sermo.Infrastructure.Contracts.csproj", "{0A222D31-F1A7-44D4-ACE9-57568C05BD67}"
EndProject
Project("{FAE04EC0-301F-11D3-BF4B-00C04F79EFBC}") = "Sermo.UnitTests", "Sermo.UnitTests\Sermo.UnitTests.csproj", "{30F49C0A-705B-40EC-9080-EBE202A0FCD2}"
EndProject
Project("{FAE04EC0-301F-11D3-BF4B-00C04F79EFBC}") = "Sermo.Markdown", "Sermo.Markdown\Sermo.Markdown.csproj", "{252876F6-F60D-4777-A0E5-9505140214B4}"
EndProject
Project("{FAE04EC0-301F-11D3-BF4B-00C04F79EFBC}") = "Sermo.UI.Contracts", "Sermo.UI.Contracts\Sermo.UI.Contracts.csproj", "{8DE71E0A-66D5-4A63-A0BC-064B1FD2F9EA}"
EndProject
Project("{FAE04EC0-301F-11D3-BF4B-00C04F79EFBC}") = "Sermo.UI.Web", "Sermo.UI.Web\Sermo.UI.Web.csproj", "{1102689C-429D-4F27-87D9-A1086CA9FCE2}"
EndProject
Project("{2150E333-8FDC-42A3-9474-1A3956D46DE8}") = "Sprint", "Sprint", "{9C0D18FD-F3D6-4C7C-8322-5430B224B95E}"
EndProject
Global
	GlobalSection(SolutionConfigurationPlatforms) = preSolution
		Debug|Any CPU = Debug|Any CPU
		Release|Any CPU = Release|Any CPU
	EndGlobalSection
	GlobalSection(ProjectConfigurationPlatforms) = postSolution
		{32C70FDC-1669-4592-9DCB-F9DB79457FB1}.Debug|Any CPU.ActiveCfg = Debug|Any CPU
		{32C70FDC-1669-4592-9DCB-F9DB79457FB1}.Debug|Any CPU.Build.0 = Debug|Any CPU
		{32C70FDC-1669-4592-9DCB-F9DB79457FB1}.Release|Any CPU.ActiveCfg = Release|Any CPU
		{32C70FDC-1669-4592-9DCB-F9DB79457FB1}.Release|Any CPU.Build.0 = Release|Any CPU
		{A63A52D4-C913-49E9-969B-D1C9CA6F0755}.Debug|Any CPU.ActiveCfg = Debug|Any CPU
		{A63A52D4-C913-49E9-969B-D1C9CA6F0755}.Debug|Any CPU.Build.0 = Debug|Any CPU
		{A63A52D4-C913-49E9-969B-D1C9CA6F0755}.Release|Any CPU.ActiveCfg = Release|Any CPU
		{A63A52D4-C913-49E9-969B-D1C9CA6F0755}.Release|Any CPU.Build.0 = Release|Any CPU
		{EAEEFD51-137E-4955-989E-0DA63BFB3A3D}.Debug|Any CPU.ActiveCfg = Debug|Any CPU
		{EAEEFD51-137E-4955-989E-0DA63BFB3A3D}.Debug|Any CPU.Build.0 = Debug|Any CPU
		{EAEEFD51-137E-4955-989E-0DA63BFB3A3D}.Release|Any CPU.ActiveCfg = Release|Any CPU
		{EAEEFD51-137E-4955-989E-0DA63BFB3A3D}.Release|Any CPU.Build.0 = Release|Any CPU
		{0A222D31-F1A7-44D4-ACE9-57568C05BD67}.Debug|Any CPU.ActiveCfg = Debug|Any CPU
		{0A222D31-F1A7-44D4-ACE9-57568C05BD67}.Debug|Any CPU.Build.0 = Debug|Any CPU
		{0A222D31-F1A7-44D4-ACE9-57568C05BD67}.Release|Any CPU.ActiveCfg = Release|Any CPU
		{0A222D31-F1A7-44D4-ACE9-57568C05BD67}.Release|Any CPU.Build.0 = Release|Any CPU
		{30F49C0A-705B-40EC-9080-EBE202A0FCD2}.Debug|Any CPU.ActiveCfg = Debug|Any CPU
		{30F49C0A-705B-40EC-9080-EBE202A0FCD2}.Debug|Any CPU.Build.0 = Debug|Any CPU
		{30F49C0A-705B-40EC-9080-EBE202A0FCD2}.Release|Any CPU.ActiveCfg = Release|Any CPU
		{30F49C0A-705B-40EC-9080-EBE202A0FCD2}.Release|Any CPU.Build.0 = Release|Any CPU
		{252876F6-F60D-4777-A0E5-9505140214B4}.Debug|Any CPU.ActiveCfg = Debug|Any CPU
		{252876F6-F60D-4777-A0E5-9505140214B4}.Debug|Any CPU.Build.0 = Debug|Any CPU
		{252876F6-F60D-4777-A0E5-9505140214B4}.Release|Any CPU.ActiveCfg = Release|Any CPU
		{252876F6-F60D-4777-A0E5-9505140214B4}.Release|Any CPU.Build.0 = Release|Any CPU
		{8DE71E0A-66D5-4A63-A0BC-064B1FD2F9EA}.Debug|Any CPU.ActiveCfg = Debug|Any CPU
		{8DE71E0A-66D5-4A63-A0BC-064B1FD2F9EA}.Debug|Any CPU.Build.0 = Debug|Any CPU
		{8DE71E0A-66D5-4A63-A0BC-064B1FD2F9EA}.Release|Any CPU.ActiveCfg = Release|Any CPU
		{8DE71E0A-66D5-4A63-A0BC-064B1FD2F9EA}.Release|Any CPU.Build.0 = Release|Any CPU
		{1102689C-429D-4F27-87D9-A1086CA9FCE2}.Debug|Any CPU.ActiveCfg = Debug|Any CPU
		{1102689C-429D-4F27-87D9-A1086CA9FCE2}.Debug|Any CPU.Build.0 = Debug|Any CPU
		{1102689C-429D-4F27-87D9-A1086CA9FCE2}.Release|Any CPU.ActiveCfg = Release|Any CPU
		{1102689C-429D-4F27-87D9-A1086CA9FCE2}.Release|Any CPU.Build.0 = Release|Any CPU
	EndGlobalSection
	GlobalSection(SolutionProperties) = preSolution
		HideSolutionNode = FALSE
	EndGlobalSection
	GlobalSection(NestedProjects) = preSolution
		{9C4AB0C7-6FE1-4D2E-BA42-DC0805C6869D} = {9C0D18FD-F3D6-4C7C-8322-5430B224B95E}
		{645DEAB2-27A2-4EAB-9D87-4BB37CAD1E3C} = {9C0D18FD-F3D6-4C7C-8322-5430B224B95E}
		{D6543A65-437F-4691-B41F-6ECBB6E5AEEB} = {9C0D18FD-F3D6-4C7C-8322-5430B224B95E}
		{A63A52D4-C913-49E9-969B-D1C9CA6F0755} = {9C4AB0C7-6FE1-4D2E-BA42-DC0805C6869D}
		{EAEEFD51-137E-4955-989E-0DA63BFB3A3D} = {9C4AB0C7-6FE1-4D2E-BA42-DC0805C6869D}
		{B756390C-5DA6-413A-B806-34C35845A3E1} = {9C0D18FD-F3D6-4C7C-8322-5430B224B95E}
		{0A222D31-F1A7-44D4-ACE9-57568C05BD67} = {B756390C-5DA6-413A-B806-34C35845A3E1}
		{30F49C0A-705B-40EC-9080-EBE202A0FCD2} = {D6543A65-437F-4691-B41F-6ECBB6E5AEEB}
		{252876F6-F60D-4777-A0E5-9505140214B4} = {645DEAB2-27A2-4EAB-9D87-4BB37CAD1E3C}
		{8DE71E0A-66D5-4A63-A0BC-064B1FD2F9EA} = {645DEAB2-27A2-4EAB-9D87-4BB37CAD1E3C}
		{1102689C-429D-4F27-87D9-A1086CA9FCE2} = {645DEAB2-27A2-4EAB-9D87-4BB37CAD1E3C}
	EndGlobalSection
EndGlobal
